# This file is autogenerated, do not edit; changes may be undone by the next 'dep ensure'.


[[projects]]
  branch = "master"
  digest = "1:47ea4fbe2ab4aeb9808502c51e657041c2e49b36b83fc1c1a349135cdf16342f"
  name = "github.com/agl/ed25519"
  packages = [
    ".",
    "edwards25519",
  ]
  pruneopts = "UT"
  revision = "5312a61534124124185d41f09206b9fef1d88403"

[[projects]]
  digest = "1:396ee165b26caf7c91b6fb4f61816da035b5680147965819dccc9784e6b6b1ac"
  name = "github.com/brutella/dnssd"
  packages = [
    ".",
    "log",
  ]
  pruneopts = "UT"
  revision = "c8cbe29bf778a199399b13ca018315025d4b4b7f"
  version = "v1.1.0"

[[projects]]
  branch = "master"
  digest = "1:b2f8522a0076e05f1a65a5847c40907ba2584d26c094f0850e6726475b0fa92a"
  name = "github.com/brutella/hc"
  packages = [
    ".",
    "accessory",
    "characteristic",
    "crypto",
    "crypto/chacha20poly1305",
    "crypto/curve25519",
    "crypto/hkdf",
    "db",
    "event",
    "hap",
    "hap/controller",
    "hap/data",
    "hap/endpoint",
    "hap/http",
    "hap/pair",
    "log",
    "service",
    "util",
  ]
  pruneopts = "UT"
  revision = "e301c8e55cb063ac61007bd632f9bda2d700557e"

[[projects]]
  branch = "master"
  digest = "1:cf2c701ef0396364e4b9964e68810ea873142eed2f7356744dacc2ed75edf0af"
  name = "github.com/gosexy/to"
  packages = ["."]
  pruneopts = "UT"
  revision = "c20e083e31230b84ffa23c5d2fb0bc55f5292681"

[[projects]]
  digest = "1:3a3bc3c022d600ed4aced1d220d92c80bf3e42ff5acf95b59839f7af9ac53346"
  name = "github.com/miekg/dns"
  packages = ["."]
  pruneopts = "UT"
  revision = "8aa92d4e02c501ba21e26fb92cf2fb9f23f56917"
  version = "v1.1.9"

[[projects]]
  branch = "master"
  digest = "1:4203ff9f9475785fe17a29ce1f4e72098d770606a14b6559e8ddc3bd3f579f5e"
  name = "github.com/tadglines/go-pkgs"
  packages = ["crypto/srp"]
  pruneopts = "UT"
  revision = "1f86682992f1a784aa7592b2be0ae80f194b2479"

[[projects]]
  branch = "master"
  digest = "1:816e629e973640dbea79d9037270dc8a51910250017432c3d2a7771a208c5bdd"
  name = "golang.org/x/crypto"
  packages = [
    "chacha20poly1305",
    "curve25519",
    "ed25519",
    "ed25519/internal/edwards25519",
    "hkdf",
    "internal/chacha20",
    "internal/subtle",
    "poly1305",
  ]
  pruneopts = "UT"
  revision = "a29dc8fdc73485234dbef99ebedb95d2eced08de"

[[projects]]
  branch = "master"
  digest = "1:3edf03b5eb0f3a5e7a827501421974beef2d9520c5221d280b4ce011de70a5a4"
  name = "golang.org/x/net"
  packages = [
    "bpf",
    "internal/iana",
    "internal/socket",
    "ipv4",
    "ipv6",
  ]
  pruneopts = "UT"
  revision = "7f726cade0ab7c929c16ce0b5b25bd201e25f39f"

[[projects]]
  branch = "master"
  digest = "1:76eb085408ed50effcb126e51935c2f5150974c607dcff34e9f0d647104cce72"
  name = "golang.org/x/sys"
  packages = [
    "cpu",
    "unix",
  ]
  pruneopts = "UT"
  revision = "a43fa875dd822b81eb6d2ad538bc1f4caba169bd"

[solve-meta]
  analyzer-name = "dep"
  analyzer-version = 1
  input-imports = [
    "github.com/brutella/hc",
    "github.com/brutella/hc/accessory",
  ]
  solver-name = "gps-cdcl"
  solver-version = 1
